
Microsoft Visual Studio Solution File, Format Version 12.00
# Visual Studio Version 16
VisualStudioVersion = 16.0.30011.22
MinimumVisualStudioVersion = 10.0.40219.1
Project("{8BC9CEB8-8B4A-11D0-8D11-00A0C91BC942}") = "MinimizationAutomat", "MinimizationAutomat\MinimizationAutomat.vcxproj", "{61730FFA-F7A1-4996-A865-B8C01E7D503A}"
EndProject
Global
	GlobalSection(SolutionConfigurationPlatforms) = preSolution
		Debug|x64 = Debug|x64
		Debug|x86 = Debug|x86
		Release|x64 = Release|x64
		Release|x86 = Release|x86
	EndGlobalSection
	GlobalSection(ProjectConfigurationPlatforms) = postSolution
		{61730FFA-F7A1-4996-A865-B8C01E7D503A}.Debug|x64.ActiveCfg = Debug|x64
		{61730FFA-F7A1-4996-A865-B8C01E7D503A}.Debug|x64.Build.0 = Debug|x64
		{61730FFA-F7A1-4996-A865-B8C01E7D503A}.Debug|x86.ActiveCfg = Debug|Win32
		{61730FFA-F7A1-4996-A865-B8C01E7D503A}.Debug|x86.Build.0 = Debug|Win32
		{61730FFA-F7A1-4996-A865-B8C01E7D503A}.Release|x64.ActiveCfg = Release|x64
		{61730FFA-F7A1-4996-A865-B8C01E7D503A}.Release|x64.Build.0 = Release|x64
		{61730FFA-F7A1-4996-A865-B8C01E7D503A}.Release|x86.ActiveCfg = Release|Win32
		{61730FFA-F7A1-4996-A865-B8C01E7D503A}.Release|x86.Build.0 = Release|Win32
	EndGlobalSection
	GlobalSection(SolutionProperties) = preSolution
		HideSolutionNode = FALSE
	EndGlobalSection
	GlobalSection(ExtensibilityGlobals) = postSolution
		SolutionGuid = {FAF2AB30-FA3F-4CA8-8223-5CAE64870B27}
	EndGlobalSection
EndGlobal
